// !$*UTF8*$!
{
	archiveVersion = 1;
	classes = {
	};
	objectVersion = 56;
	objects = {

/* Begin PBXBuildFile section */
		CD1E8CAC2C5EB66700C01341 /* CameraController.swift in Sources */ = {isa = PBXBuildFile; fileRef = CD1E8CAB2C5EB66700C01341 /* CameraController.swift */; };
		CD1E8CB02C5EE1CE00C01341 /* Home.swift in Sources */ = {isa = PBXBuildFile; fileRef = CD1E8CAF2C5EE1CE00C01341 /* Home.swift */; };
		CD1E8CBE2C6000F200C01341 /* GoogleService-Info.plist in Resources */ = {isa = PBXBuildFile; fileRef = CD1E8CBD2C6000F200C01341 /* GoogleService-Info.plist */; };
		CD1E8CC12C6001E800C01341 /* FirebaseAnalytics in Frameworks */ = {isa = PBXBuildFile; productRef = CD1E8CC02C6001E800C01341 /* FirebaseAnalytics */; };
		CD1E8CC42C60090900C01341 /* FirebaseAuth in Frameworks */ = {isa = PBXBuildFile; productRef = CD1E8CC32C60090900C01341 /* FirebaseAuth */; };
		CD3671B62C5C3AC1002DA9F2 /* TimeCapsuleApp.swift in Sources */ = {isa = PBXBuildFile; fileRef = CD3671B52C5C3AC1002DA9F2 /* TimeCapsuleApp.swift */; };
		CD3671B82C5C3AC1002DA9F2 /* ContentView.swift in Sources */ = {isa = PBXBuildFile; fileRef = CD3671B72C5C3AC1002DA9F2 /* ContentView.swift */; };
		CD3671BA2C5C3AC7002DA9F2 /* Assets.xcassets in Resources */ = {isa = PBXBuildFile; fileRef = CD3671B92C5C3AC7002DA9F2 /* Assets.xcassets */; };
		CD3671BD2C5C3AC7002DA9F2 /* Preview Assets.xcassets in Resources */ = {isa = PBXBuildFile; fileRef = CD3671BC2C5C3AC7002DA9F2 /* Preview Assets.xcassets */; };
		CD4B48E72C5D2BBC008DC1D2 /* Timecap.swift in Sources */ = {isa = PBXBuildFile; fileRef = CD4B48E62C5D2BBC008DC1D2 /* Timecap.swift */; };
		CD4B48E92C5D6B19008DC1D2 /* Create.swift in Sources */ = {isa = PBXBuildFile; fileRef = CD4B48E82C5D6B19008DC1D2 /* Create.swift */; };
		CD4B48ED2C5D9EF5008DC1D2 /* Camera.swift in Sources */ = {isa = PBXBuildFile; fileRef = CD4B48EC2C5D9EF5008DC1D2 /* Camera.swift */; };
		CDA00CC52C66BAFB002C0B50 /* TransparentBlurView.swift in Sources */ = {isa = PBXBuildFile; fileRef = CDA00CC42C66BAFB002C0B50 /* TransparentBlurView.swift */; };
		CDA00CC82C67FCB7002C0B50 /* MessageButton.swift in Sources */ = {isa = PBXBuildFile; fileRef = CDA00CC72C67FCB7002C0B50 /* MessageButton.swift */; };
		CDA2DF762C60431D0005FB4E /* FirebaseFirestore in Frameworks */ = {isa = PBXBuildFile; productRef = CDA2DF752C60431D0005FB4E /* FirebaseFirestore */; };
		CDA2DF782C6043260005FB4E /* FirebaseStorage in Frameworks */ = {isa = PBXBuildFile; productRef = CDA2DF772C6043260005FB4E /* FirebaseStorage */; };
		CDA2DF7A2C611DBE0005FB4E /* Photoinfo.swift in Sources */ = {isa = PBXBuildFile; fileRef = CDA2DF792C611DBE0005FB4E /* Photoinfo.swift */; };
		CDA2DF7C2C611DCF0005FB4E /* Writeinfo.swift in Sources */ = {isa = PBXBuildFile; fileRef = CDA2DF7B2C611DCF0005FB4E /* Writeinfo.swift */; };
		CDA2DF7F2C6167280005FB4E /* StoreKit.framework in Frameworks */ = {isa = PBXBuildFile; fileRef = CDA2DF7E2C6167270005FB4E /* StoreKit.framework */; };
		CDA2DF842C63CDDD0005FB4E /* HomeButton.swift in Sources */ = {isa = PBXBuildFile; fileRef = CDA2DF832C63CDDD0005FB4E /* HomeButton.swift */; };
		CDA2DF862C6416EE0005FB4E /* PostButton.swift in Sources */ = {isa = PBXBuildFile; fileRef = CDA2DF852C6416ED0005FB4E /* PostButton.swift */; };
/* End PBXBuildFile section */

/* Begin PBXFileReference section */
		CD1E8CAB2C5EB66700C01341 /* CameraController.swift */ = {isa = PBXFileReference; lastKnownFileType = sourcecode.swift; path = CameraController.swift; sourceTree = "<group>"; };
		CD1E8CAF2C5EE1CE00C01341 /* Home.swift */ = {isa = PBXFileReference; lastKnownFileType = sourcecode.swift; path = Home.swift; sourceTree = "<group>"; };
		CD1E8CBD2C6000F200C01341 /* GoogleService-Info.plist */ = {isa = PBXFileReference; fileEncoding = 4; lastKnownFileType = text.plist.xml; name = "GoogleService-Info.plist"; path = "../../../Downloads/GoogleService-Info.plist"; sourceTree = "<group>"; };
		CD1E8CC52C600A9500C01341 /* TimeCapsuleApp.entitlements */ = {isa = PBXFileReference; lastKnownFileType = text.plist.entitlements; path = TimeCapsuleApp.entitlements; sourceTree = "<group>"; };
		CD3671B22C5C3AC1002DA9F2 /* TimeCapsuleApp.app */ = {isa = PBXFileReference; explicitFileType = wrapper.application; includeInIndex = 0; path = TimeCapsuleApp.app; sourceTree = BUILT_PRODUCTS_DIR; };
		CD3671B52C5C3AC1002DA9F2 /* TimeCapsuleApp.swift */ = {isa = PBXFileReference; lastKnownFileType = sourcecode.swift; path = TimeCapsuleApp.swift; sourceTree = "<group>"; };
		CD3671B72C5C3AC1002DA9F2 /* ContentView.swift */ = {isa = PBXFileReference; lastKnownFileType = sourcecode.swift; path = ContentView.swift; sourceTree = "<group>"; };
		CD3671B92C5C3AC7002DA9F2 /* Assets.xcassets */ = {isa = PBXFileReference; lastKnownFileType = folder.assetcatalog; path = Assets.xcassets; sourceTree = "<group>"; };
		CD3671BC2C5C3AC7002DA9F2 /* Preview Assets.xcassets */ = {isa = PBXFileReference; lastKnownFileType = folder.assetcatalog; path = "Preview Assets.xcassets"; sourceTree = "<group>"; };
		CD4B48E62C5D2BBC008DC1D2 /* Timecap.swift */ = {isa = PBXFileReference; lastKnownFileType = sourcecode.swift; path = Timecap.swift; sourceTree = "<group>"; };
		CD4B48E82C5D6B19008DC1D2 /* Create.swift */ = {isa = PBXFileReference; lastKnownFileType = sourcecode.swift; path = Create.swift; sourceTree = "<group>"; };
		CD4B48EC2C5D9EF5008DC1D2 /* Camera.swift */ = {isa = PBXFileReference; lastKnownFileType = sourcecode.swift; path = Camera.swift; sourceTree = "<group>"; };
		CDA00CC42C66BAFB002C0B50 /* TransparentBlurView.swift */ = {isa = PBXFileReference; lastKnownFileType = sourcecode.swift; path = TransparentBlurView.swift; sourceTree = "<group>"; };
		CDA00CC72C67FCB7002C0B50 /* MessageButton.swift */ = {isa = PBXFileReference; lastKnownFileType = sourcecode.swift; path = MessageButton.swift; sourceTree = "<group>"; };
		CDA2DF792C611DBE0005FB4E /* Photoinfo.swift */ = {isa = PBXFileReference; lastKnownFileType = sourcecode.swift; path = Photoinfo.swift; sourceTree = "<group>"; };
		CDA2DF7B2C611DCF0005FB4E /* Writeinfo.swift */ = {isa = PBXFileReference; lastKnownFileType = sourcecode.swift; path = Writeinfo.swift; sourceTree = "<group>"; };
		CDA2DF7E2C6167270005FB4E /* StoreKit.framework */ = {isa = PBXFileReference; lastKnownFileType = wrapper.framework; name = StoreKit.framework; path = System/Library/Frameworks/StoreKit.framework; sourceTree = SDKROOT; };
		CDA2DF822C61B5430005FB4E /* Info.plist */ = {isa = PBXFileReference; lastKnownFileType = text.plist; path = Info.plist; sourceTree = "<group>"; };
		CDA2DF832C63CDDD0005FB4E /* HomeButton.swift */ = {isa = PBXFileReference; lastKnownFileType = sourcecode.swift; path = HomeButton.swift; sourceTree = "<group>"; };
		CDA2DF852C6416ED0005FB4E /* PostButton.swift */ = {isa = PBXFileReference; lastKnownFileType = sourcecode.swift; path = PostButton.swift; sourceTree = "<group>"; };
/* End PBXFileReference section */

/* Begin PBXFrameworksBuildPhase section */
		CD3671AF2C5C3AC1002DA9F2 /* Frameworks */ = {
			isa = PBXFrameworksBuildPhase;
			buildActionMask = 2147483647;
			files = (
				CD1E8CC12C6001E800C01341 /* FirebaseAnalytics in Frameworks */,
				CDA2DF782C6043260005FB4E /* FirebaseStorage in Frameworks */,
				CDA2DF7F2C6167280005FB4E /* StoreKit.framework in Frameworks */,
				CD1E8CC42C60090900C01341 /* FirebaseAuth in Frameworks */,
				CDA2DF762C60431D0005FB4E /* FirebaseFirestore in Frameworks */,
			);
			runOnlyForDeploymentPostprocessing = 0;
		};
/* End PBXFrameworksBuildPhase section */

/* Begin PBXGroup section */
		CD1E8CAE2C5EB7C400C01341 /* Camera */ = {
			isa = PBXGroup;
			children = (
				CD1E8CAB2C5EB66700C01341 /* CameraController.swift */,
				CD4B48EC2C5D9EF5008DC1D2 /* Camera.swift */,
			);
			path = Camera;
			sourceTree = "<group>";
		};
		CD1E8CC22C60090900C01341 /* Frameworks */ = {
			isa = PBXGroup;
			children = (
				CDA2DF7E2C6167270005FB4E /* StoreKit.framework */,
			);
			name = Frameworks;
			sourceTree = "<group>";
		};
		CD3671A92C5C3AC1002DA9F2 = {
			isa = PBXGroup;
			children = (
				CD3671B42C5C3AC1002DA9F2 /* TimeCapsuleApp */,
				CD3671B32C5C3AC1002DA9F2 /* Products */,
				CD1E8CC22C60090900C01341 /* Frameworks */,
			);
			sourceTree = "<group>";
		};
		CD3671B32C5C3AC1002DA9F2 /* Products */ = {
			isa = PBXGroup;
			children = (
				CD3671B22C5C3AC1002DA9F2 /* TimeCapsuleApp.app */,
			);
			name = Products;
			sourceTree = "<group>";
		};
		CD3671B42C5C3AC1002DA9F2 /* TimeCapsuleApp */ = {
			isa = PBXGroup;
			children = (
				CD1E8CC52C600A9500C01341 /* TimeCapsuleApp.entitlements */,
				CD3671B52C5C3AC1002DA9F2 /* TimeCapsuleApp.swift */,
				CD4B48E62C5D2BBC008DC1D2 /* Timecap.swift */,
				CD1E8CAF2C5EE1CE00C01341 /* Home.swift */,
				CDA00CC62C67FC83002C0B50 /* Button */,
				CDA2DF7D2C611DEF0005FB4E /* Info */,
				CD3671B72C5C3AC1002DA9F2 /* ContentView.swift */,
				CD4B48E82C5D6B19008DC1D2 /* Create.swift */,
				CDA00CC42C66BAFB002C0B50 /* TransparentBlurView.swift */,
				CD1E8CAE2C5EB7C400C01341 /* Camera */,
				CD3671B92C5C3AC7002DA9F2 /* Assets.xcassets */,
				CD1E8CBD2C6000F200C01341 /* GoogleService-Info.plist */,
				CDA2DF822C61B5430005FB4E /* Info.plist */,
				CD3671BB2C5C3AC7002DA9F2 /* Preview Content */,
			);
			path = TimeCapsuleApp;
			sourceTree = "<group>";
		};
		CD3671BB2C5C3AC7002DA9F2 /* Preview Content */ = {
			isa = PBXGroup;
			children = (
				CD3671BC2C5C3AC7002DA9F2 /* Preview Assets.xcassets */,
			);
			path = "Preview Content";
			sourceTree = "<group>";
		};
		CDA00CC62C67FC83002C0B50 /* Button */ = {
			isa = PBXGroup;
			children = (
				CDA2DF832C63CDDD0005FB4E /* HomeButton.swift */,
				CDA2DF852C6416ED0005FB4E /* PostButton.swift */,
				CDA00CC72C67FCB7002C0B50 /* MessageButton.swift */,
			);
			path = Button;
			sourceTree = "<group>";
		};
		CDA2DF7D2C611DEF0005FB4E /* Info */ = {
			isa = PBXGroup;
			children = (
				CDA2DF792C611DBE0005FB4E /* Photoinfo.swift */,
				CDA2DF7B2C611DCF0005FB4E /* Writeinfo.swift */,
			);
			path = Info;
			sourceTree = "<group>";
		};
/* End PBXGroup section */

/* Begin PBXNativeTarget section */
		CD3671B12C5C3AC1002DA9F2 /* TimeCapsuleApp */ = {
			isa = PBXNativeTarget;
			buildConfigurationList = CD3671C02C5C3AC7002DA9F2 /* Build configuration list for PBXNativeTarget "TimeCapsuleApp" */;
			buildPhases = (
				CD3671AE2C5C3AC1002DA9F2 /* Sources */,
				CD3671AF2C5C3AC1002DA9F2 /* Frameworks */,
				CD3671B02C5C3AC1002DA9F2 /* Resources */,
			);
			buildRules = (
			);
			dependencies = (
			);
			name = TimeCapsuleApp;
			packageProductDependencies = (
				CD1E8CC02C6001E800C01341 /* FirebaseAnalytics */,
				CD1E8CC32C60090900C01341 /* FirebaseAuth */,
				CDA2DF752C60431D0005FB4E /* FirebaseFirestore */,
				CDA2DF772C6043260005FB4E /* FirebaseStorage */,
			);
			productName = TimeCapsuleApp;
			productReference = CD3671B22C5C3AC1002DA9F2 /* TimeCapsuleApp.app */;
			productType = "com.apple.product-type.application";
		};
/* End PBXNativeTarget section */

/* Begin PBXProject section */
		CD3671AA2C5C3AC1002DA9F2 /* Project object */ = {
			isa = PBXProject;
			attributes = {
				BuildIndependentTargetsInParallel = 1;
				LastSwiftUpdateCheck = 1540;
				LastUpgradeCheck = 1540;
				TargetAttributes = {
					CD3671B12C5C3AC1002DA9F2 = {
						CreatedOnToolsVersion = 15.4;
					};
				};
			};
			buildConfigurationList = CD3671AD2C5C3AC1002DA9F2 /* Build configuration list for PBXProject "TimeCapsuleApp" */;
			compatibilityVersion = "Xcode 14.0";
			developmentRegion = en;
			hasScannedForEncodings = 0;
			knownRegions = (
				en,
				Base,
			);
			mainGroup = CD3671A92C5C3AC1002DA9F2;
			packageReferences = (
				CD1E8CBF2C6001E800C01341 /* XCRemoteSwiftPackageReference "firebase-ios-sdk" */,
			);
			productRefGroup = CD3671B32C5C3AC1002DA9F2 /* Products */;
			projectDirPath = "";
			projectRoot = "";
			targets = (
				CD3671B12C5C3AC1002DA9F2 /* TimeCapsuleApp */,
			);
		};
/* End PBXProject section */

/* Begin PBXResourcesBuildPhase section */
		CD3671B02C5C3AC1002DA9F2 /* Resources */ = {
			isa = PBXResourcesBuildPhase;
			buildActionMask = 2147483647;
			files = (
				CD3671BD2C5C3AC7002DA9F2 /* Preview Assets.xcassets in Resources */,
				CD1E8CBE2C6000F200C01341 /* GoogleService-Info.plist in Resources */,
				CD3671BA2C5C3AC7002DA9F2 /* Assets.xcassets in Resources */,
			);
			runOnlyForDeploymentPostprocessing = 0;
		};
/* End PBXResourcesBuildPhase section */

/* Begin PBXSourcesBuildPhase section */
		CD3671AE2C5C3AC1002DA9F2 /* Sources */ = {
			isa = PBXSourcesBuildPhase;
			buildActionMask = 2147483647;
			files = (
				CD3671B82C5C3AC1002DA9F2 /* ContentView.swift in Sources */,
				CD4B48ED2C5D9EF5008DC1D2 /* Camera.swift in Sources */,
				CDA00CC82C67FCB7002C0B50 /* MessageButton.swift in Sources */,
				CDA2DF7A2C611DBE0005FB4E /* Photoinfo.swift in Sources */,
				CD4B48E72C5D2BBC008DC1D2 /* Timecap.swift in Sources */,
				CDA2DF7C2C611DCF0005FB4E /* Writeinfo.swift in Sources */,
				CD3671B62C5C3AC1002DA9F2 /* TimeCapsuleApp.swift in Sources */,
				CD1E8CB02C5EE1CE00C01341 /* Home.swift in Sources */,
				CDA2DF842C63CDDD0005FB4E /* HomeButton.swift in Sources */,
				CD4B48E92C5D6B19008DC1D2 /* Create.swift in Sources */,
				CDA2DF862C6416EE0005FB4E /* PostButton.swift in Sources */,
				CDA00CC52C66BAFB002C0B50 /* TransparentBlurView.swift in Sources */,
				CD1E8CAC2C5EB66700C01341 /* CameraController.swift in Sources */,
			);
			runOnlyForDeploymentPostprocessing = 0;
		};
/* End PBXSourcesBuildPhase section */

/* Begin XCBuildConfiguration section */
		CD3671BE2C5C3AC7002DA9F2 /* Debug */ = {
			isa = XCBuildConfiguration;
			buildSettings = {
				ALWAYS_SEARCH_USER_PATHS = NO;
				ASSETCATALOG_COMPILER_GENERATE_SWIFT_ASSET_SYMBOL_EXTENSIONS = YES;
				CLANG_ANALYZER_NONNULL = YES;
				CLANG_ANALYZER_NUMBER_OBJECT_CONVERSION = YES_AGGRESSIVE;
				CLANG_CXX_LANGUAGE_STANDARD = "gnu++20";
				CLANG_ENABLE_MODULES = YES;
				CLANG_ENABLE_OBJC_ARC = YES;
				CLANG_ENABLE_OBJC_WEAK = YES;
				CLANG_WARN_BLOCK_CAPTURE_AUTORELEASING = YES;
				CLANG_WARN_BOOL_CONVERSION = YES;
				CLANG_WARN_COMMA = YES;
				CLANG_WARN_CONSTANT_CONVERSION = YES;
				CLANG_WARN_DEPRECATED_OBJC_IMPLEMENTATIONS = YES;
				CLANG_WARN_DIRECT_OBJC_ISA_USAGE = YES_ERROR;
				CLANG_WARN_DOCUMENTATION_COMMENTS = YES;
				CLANG_WARN_EMPTY_BODY = YES;
				CLANG_WARN_ENUM_CONVERSION = YES;
				CLANG_WARN_INFINITE_RECURSION = YES;
				CLANG_WARN_INT_CONVERSION = YES;
				CLANG_WARN_NON_LITERAL_NULL_CONVERSION = YES;
				CLANG_WARN_OBJC_IMPLICIT_RETAIN_SELF = YES;
				CLANG_WARN_OBJC_LITERAL_CONVERSION = YES;
				CLANG_WARN_OBJC_ROOT_CLASS = YES_ERROR;
				CLANG_WARN_QUOTED_INCLUDE_IN_FRAMEWORK_HEADER = YES;
				CLANG_WARN_RANGE_LOOP_ANALYSIS = YES;
				CLANG_WARN_STRICT_PROTOTYPES = YES;
				CLANG_WARN_SUSPICIOUS_MOVE = YES;
				CLANG_WARN_UNGUARDED_AVAILABILITY = YES_AGGRESSIVE;
				CLANG_WARN_UNREACHABLE_CODE = YES;
				CLANG_WARN__DUPLICATE_METHOD_MATCH = YES;
				COPY_PHASE_STRIP = NO;
				DEBUG_INFORMATION_FORMAT = dwarf;
				ENABLE_STRICT_OBJC_MSGSEND = YES;
				ENABLE_TESTABILITY = YES;
				ENABLE_USER_SCRIPT_SANDBOXING = YES;
				GCC_C_LANGUAGE_STANDARD = gnu17;
				GCC_DYNAMIC_NO_PIC = NO;
				GCC_NO_COMMON_BLOCKS = YES;
				GCC_OPTIMIZATION_LEVEL = 0;
				GCC_PREPROCESSOR_DEFINITIONS = (
					"DEBUG=1",
					"$(inherited)",
				);
				GCC_WARN_64_TO_32_BIT_CONVERSION = YES;
				GCC_WARN_ABOUT_RETURN_TYPE = YES_ERROR;
				GCC_WARN_UNDECLARED_SELECTOR = YES;
				GCC_WARN_UNINITIALIZED_AUTOS = YES_AGGRESSIVE;
				GCC_WARN_UNUSED_FUNCTION = YES;
				GCC_WARN_UNUSED_VARIABLE = YES;
				IPHONEOS_DEPLOYMENT_TARGET = 17.5;
				LOCALIZATION_PREFERS_STRING_CATALOGS = YES;
				MTL_ENABLE_DEBUG_INFO = INCLUDE_SOURCE;
				MTL_FAST_MATH = YES;
				ONLY_ACTIVE_ARCH = YES;
				SDKROOT = iphoneos;
				SWIFT_ACTIVE_COMPILATION_CONDITIONS = "DEBUG $(inherited)";
				SWIFT_OPTIMIZATION_LEVEL = "-Onone";
			};
			name = Debug;
		};
		CD3671BF2C5C3AC7002DA9F2 /* Release */ = {
			isa = XCBuildConfiguration;
			buildSettings = {
				ALWAYS_SEARCH_USER_PATHS = NO;
				ASSETCATALOG_COMPILER_GENERATE_SWIFT_ASSET_SYMBOL_EXTENSIONS = YES;
				CLANG_ANALYZER_NONNULL = YES;
				CLANG_ANALYZER_NUMBER_OBJECT_CONVERSION = YES_AGGRESSIVE;
				CLANG_CXX_LANGUAGE_STANDARD = "gnu++20";
				CLANG_ENABLE_MODULES = YES;
				CLANG_ENABLE_OBJC_ARC = YES;
				CLANG_ENABLE_OBJC_WEAK = YES;
				CLANG_WARN_BLOCK_CAPTURE_AUTORELEASING = YES;
				CLANG_WARN_BOOL_CONVERSION = YES;
				CLANG_WARN_COMMA = YES;
				CLANG_WARN_CONSTANT_CONVERSION = YES;
				CLANG_WARN_DEPRECATED_OBJC_IMPLEMENTATIONS = YES;
				CLANG_WARN_DIRECT_OBJC_ISA_USAGE = YES_ERROR;
				CLANG_WARN_DOCUMENTATION_COMMENTS = YES;
				CLANG_WARN_EMPTY_BODY = YES;
				CLANG_WARN_ENUM_CONVERSION = YES;
				CLANG_WARN_INFINITE_RECURSION = YES;
				CLANG_WARN_INT_CONVERSION = YES;
				CLANG_WARN_NON_LITERAL_NULL_CONVERSION = YES;
				CLANG_WARN_OBJC_IMPLICIT_RETAIN_SELF = YES;
				CLANG_WARN_OBJC_LITERAL_CONVERSION = YES;
				CLANG_WARN_OBJC_ROOT_CLASS = YES_ERROR;
				CLANG_WARN_QUOTED_INCLUDE_IN_FRAMEWORK_HEADER = YES;
				CLANG_WARN_RANGE_LOOP_ANALYSIS = YES;
				CLANG_WARN_STRICT_PROTOTYPES = YES;
				CLANG_WARN_SUSPICIOUS_MOVE = YES;
				CLANG_WARN_UNGUARDED_AVAILABILITY = YES_AGGRESSIVE;
				CLANG_WARN_UNREACHABLE_CODE = YES;
				CLANG_WARN__DUPLICATE_METHOD_MATCH = YES;
				COPY_PHASE_STRIP = NO;
				DEBUG_INFORMATION_FORMAT = "dwarf-with-dsym";
				ENABLE_NS_ASSERTIONS = NO;
				ENABLE_STRICT_OBJC_MSGSEND = YES;
				ENABLE_USER_SCRIPT_SANDBOXING = YES;
				GCC_C_LANGUAGE_STANDARD = gnu17;
				GCC_NO_COMMON_BLOCKS = YES;
				GCC_WARN_64_TO_32_BIT_CONVERSION = YES;
				GCC_WARN_ABOUT_RETURN_TYPE = YES_ERROR;
				GCC_WARN_UNDECLARED_SELECTOR = YES;
				GCC_WARN_UNINITIALIZED_AUTOS = YES_AGGRESSIVE;
				GCC_WARN_UNUSED_FUNCTION = YES;
				GCC_WARN_UNUSED_VARIABLE = YES;
				IPHONEOS_DEPLOYMENT_TARGET = 17.5;
				LOCALIZATION_PREFERS_STRING_CATALOGS = YES;
				MTL_ENABLE_DEBUG_INFO = NO;
				MTL_FAST_MATH = YES;
				SDKROOT = iphoneos;
				SWIFT_COMPILATION_MODE = wholemodule;
				VALIDATE_PRODUCT = YES;
			};
			name = Release;
		};
		CD3671C12C5C3AC7002DA9F2 /* Debug */ = {
			isa = XCBuildConfiguration;
			buildSettings = {
				ASSETCATALOG_COMPILER_APPICON_NAME = AppIcon;
				ASSETCATALOG_COMPILER_GLOBAL_ACCENT_COLOR_NAME = AccentColor;
				CODE_SIGN_ENTITLEMENTS = TimeCapsuleApp/TimeCapsuleApp.entitlements;
				CODE_SIGN_STYLE = Automatic;
				CURRENT_PROJECT_VERSION = 1;
				DEVELOPMENT_ASSET_PATHS = "\"TimeCapsuleApp/Preview Content\"";
				DEVELOPMENT_TEAM = MZGVVRYJXL;
				ENABLE_PREVIEWS = YES;
				GENERATE_INFOPLIST_FILE = YES;
				INFOPLIST_FILE = TimeCapsuleApp/Info.plist;
				INFOPLIST_KEY_CFBundleDisplayName = Timecap;
				INFOPLIST_KEY_NSCameraUsageDescription = "Allow camera";
				INFOPLIST_KEY_UIApplicationSceneManifest_Generation = YES;
				INFOPLIST_KEY_UIApplicationSupportsIndirectInputEvents = YES;
				INFOPLIST_KEY_UILaunchScreen_Generation = YES;
				INFOPLIST_KEY_UISupportedInterfaceOrientations_iPad = "UIInterfaceOrientationPortrait UIInterfaceOrientationPortraitUpsideDown UIInterfaceOrientationLandscapeLeft UIInterfaceOrientationLandscapeRight";
				INFOPLIST_KEY_UISupportedInterfaceOrientations_iPhone = "UIInterfaceOrientationPortrait UIInterfaceOrientationLandscapeLeft UIInterfaceOrientationLandscapeRight";
				LD_RUNPATH_SEARCH_PATHS = (
					"$(inherited)",
					"@executable_path/Frameworks",
				);
				MARKETING_VERSION = 1.0.7;
				PRODUCT_BUNDLE_IDENTIFIER = abraham.TimeCapsuleApp;
				PRODUCT_NAME = "$(TARGET_NAME)";
				SWIFT_EMIT_LOC_STRINGS = YES;
				SWIFT_VERSION = 5.0;
				TARGETED_DEVICE_FAMILY = "1,2";
			};
			name = Debug;
		};
		CD3671C22C5C3AC7002DA9F2 /* Release */ = {
			isa = XCBuildConfiguration;
			buildSettings = {
				ASSETCATALOG_COMPILER_APPICON_NAME = AppIcon;
				ASSETCATALOG_COMPILER_GLOBAL_ACCENT_COLOR_NAME = AccentColor;
				CODE_SIGN_ENTITLEMENTS = TimeCapsuleApp/TimeCapsuleApp.entitlements;
				CODE_SIGN_STYLE = Automatic;
				CURRENT_PROJECT_VERSION = 1;
				DEVELOPMENT_ASSET_PATHS = "\"TimeCapsuleApp/Preview Content\"";
				DEVELOPMENT_TEAM = MZGVVRYJXL;
				ENABLE_PREVIEWS = YES;
				GENERATE_INFOPLIST_FILE = YES;
				INFOPLIST_FILE = TimeCapsuleApp/Info.plist;
				INFOPLIST_KEY_CFBundleDisplayName = Timecap;
				INFOPLIST_KEY_NSCameraUsageDescription = "Allow camera";
				INFOPLIST_KEY_UIApplicationSceneManifest_Generation = YES;
				INFOPLIST_KEY_UIApplicationSupportsIndirectInputEvents = YES;
				INFOPLIST_KEY_UILaunchScreen_Generation = YES;
				INFOPLIST_KEY_UISupportedInterfaceOrientations_iPad = "UIInterfaceOrientationPortrait UIInterfaceOrientationPortraitUpsideDown UIInterfaceOrientationLandscapeLeft UIInterfaceOrientationLandscapeRight";
				INFOPLIST_KEY_UISupportedInterfaceOrientations_iPhone = "UIInterfaceOrientationPortrait UIInterfaceOrientationLandscapeLeft UIInterfaceOrientationLandscapeRight";
				LD_RUNPATH_SEARCH_PATHS = (
					"$(inherited)",
					"@executable_path/Frameworks",
				);
				MARKETING_VERSION = 1.0.7;
				PRODUCT_BUNDLE_IDENTIFIER = abraham.TimeCapsuleApp;
				PRODUCT_NAME = "$(TARGET_NAME)";
				SWIFT_EMIT_LOC_STRINGS = YES;
				SWIFT_VERSION = 5.0;
				TARGETED_DEVICE_FAMILY = "1,2";
			};
			name = Release;
		};
/* End XCBuildConfiguration section */

/* Begin XCConfigurationList section */
		CD3671AD2C5C3AC1002DA9F2 /* Build configuration list for PBXProject "TimeCapsuleApp" */ = {
			isa = XCConfigurationList;
			buildConfigurations = (
				CD3671BE2C5C3AC7002DA9F2 /* Debug */,
				CD3671BF2C5C3AC7002DA9F2 /* Release */,
			);
			defaultConfigurationIsVisible = 0;
			defaultConfigurationName = Release;
		};
		CD3671C02C5C3AC7002DA9F2 /* Build configuration list for PBXNativeTarget "TimeCapsuleApp" */ = {
			isa = XCConfigurationList;
			buildConfigurations = (
				CD3671C12C5C3AC7002DA9F2 /* Debug */,
				CD3671C22C5C3AC7002DA9F2 /* Release */,
			);
			defaultConfigurationIsVisible = 0;
			defaultConfigurationName = Release;
		};
/* End XCConfigurationList section */

/* Begin XCRemoteSwiftPackageReference section */
		CD1E8CBF2C6001E800C01341 /* XCRemoteSwiftPackageReference "firebase-ios-sdk" */ = {
			isa = XCRemoteSwiftPackageReference;
			repositoryURL = "https://github.com/firebase/firebase-ios-sdk.git";
			requirement = {
				kind = upToNextMajorVersion;
				minimumVersion = 11.0.0;
			};
		};
/* End XCRemoteSwiftPackageReference section */

/* Begin XCSwiftPackageProductDependency section */
		CD1E8CC02C6001E800C01341 /* FirebaseAnalytics */ = {
			isa = XCSwiftPackageProductDependency;
			package = CD1E8CBF2C6001E800C01341 /* XCRemoteSwiftPackageReference "firebase-ios-sdk" */;
			productName = FirebaseAnalytics;
		};
		CD1E8CC32C60090900C01341 /* FirebaseAuth */ = {
			isa = XCSwiftPackageProductDependency;
			package = CD1E8CBF2C6001E800C01341 /* XCRemoteSwiftPackageReference "firebase-ios-sdk" */;
			productName = FirebaseAuth;
		};
		CDA2DF752C60431D0005FB4E /* FirebaseFirestore */ = {
			isa = XCSwiftPackageProductDependency;
			package = CD1E8CBF2C6001E800C01341 /* XCRemoteSwiftPackageReference "firebase-ios-sdk" */;
			productName = FirebaseFirestore;
		};
		CDA2DF772C6043260005FB4E /* FirebaseStorage */ = {
			isa = XCSwiftPackageProductDependency;
			package = CD1E8CBF2C6001E800C01341 /* XCRemoteSwiftPackageReference "firebase-ios-sdk" */;
			productName = FirebaseStorage;
		};
/* End XCSwiftPackageProductDependency section */
	};
	rootObject = CD3671AA2C5C3AC1002DA9F2 /* Project object */;
}
